# This file is automatically @generated by Poetry 2.1.2 and should not be changed by hand.

[[package]]
name = "asgiref"
version = "3.8.1"
description = "ASGI specs, helper code, and adapters"
optional = false
python-versions = ">=3.8"
groups = ["main"]
files = [
    {file = "asgiref-3.8.1-py3-none-any.whl", hash = "sha256:3e1e3ecc849832fe52ccf2cb6686b7a55f82bb1d6aee72a58826471390335e47"},
    {file = "asgiref-3.8.1.tar.gz", hash = "sha256:c343bd80a0bec947a9860adb4c432ffa7db769836c64238fc34bdc3fec84d590"},
]

[package.extras]
tests = ["mypy (>=0.800)", "pytest", "pytest-asyncio"]

[[package]]
name = "asttokens"
version = "3.0.0"
description = "Annotate AST trees with source code positions"
optional = false
python-versions = ">=3.8"
groups = ["main"]
files = [
    {file = "asttokens-3.0.0-py3-none-any.whl", hash = "sha256:e3078351a059199dd5138cb1c706e6430c05eff2ff136af5eb4790f9d28932e2"},
    {file = "asttokens-3.0.0.tar.gz", hash = "sha256:0dcd8baa8d62b0c1d118b399b2ddba3c4aff271d0d7a9e0d4c1681c79035bbc7"},
]

[package.extras]
astroid = ["astroid (>=2,<4)"]
test = ["astroid (>=2,<4)", "pytest", "pytest-cov", "pytest-xdist"]

[[package]]
name = "colorama"
version = "0.4.6"
description = "Cross-platform colored terminal text."
optional = false
python-versions = "!=3.0.*,!=3.1.*,!=3.2.*,!=3.3.*,!=3.4.*,!=3.5.*,!=3.6.*,>=2.7"
groups = ["main"]
markers = "sys_platform == \"win32\""
files = [
    {file = "colorama-0.4.6-py2.py3-none-any.whl", hash = "sha256:4f1d9991f5acc0ca119f9d443620b77f9d6b33703e51011c16baf57afb285fc6"},
    {file = "colorama-0.4.6.tar.gz", hash = "sha256:08695f5cb7ed6e0531a20572697297273c47b8cae5a63ffc6d6ed5c201be6e44"},
]

[[package]]
name = "decorator"
version = "5.2.1"
description = "Decorators for Humans"
optional = false
python-versions = ">=3.8"
groups = ["main"]
files = [
    {file = "decorator-5.2.1-py3-none-any.whl", hash = "sha256:d316bb415a2d9e2d2b3abcc4084c6502fc09240e292cd76a76afc106a1c8e04a"},
    {file = "decorator-5.2.1.tar.gz", hash = "sha256:65f266143752f734b0a7cc83c46f4618af75b8c5911b00ccb61d0ac9b6da0360"},
]

[[package]]
name = "django"
version = "5.2.3"
description = "A high-level Python web framework that encourages rapid development and clean, pragmatic design."
optional = false
python-versions = ">=3.10"
groups = ["main"]
files = [
    {file = "django-5.2.3-py3-none-any.whl", hash = "sha256:c517a6334e0fd940066aa9467b29401b93c37cec2e61365d663b80922542069d"},
    {file = "django-5.2.3.tar.gz", hash = "sha256:335213277666ab2c5cac44a792a6d2f3d58eb79a80c14b6b160cd4afc3b75684"},
]

[package.dependencies]
asgiref = ">=3.8.1"
sqlparse = ">=0.3.1"
tzdata = {version = "*", markers = "sys_platform == \"win32\""}

[package.extras]
argon2 = ["argon2-cffi (>=19.1.0)"]
bcrypt = ["bcrypt"]

[[package]]
name = "django-extension"
version = "0.1.0"
description = "Add your description here"
optional = false
python-versions = ">=3.11"
groups = ["main"]
files = [
    {file = "django_extension-0.1.0-py3-none-any.whl", hash = "sha256:a90ea6595980c07e6cedc43973825d3070d7671b1d77b6b20d6f03c41dd2ed1f"},
    {file = "django_extension-0.1.0.tar.gz", hash = "sha256:b62370238e0cdeb675178bcf6ac47d14256c76b51b898cb3b7d005ace5365ce2"},
]

[package.dependencies]
django = ">=5.2.2"
pymongo = ">=4.13.0"
ruff = ">=0.11.13"
shelve-cache = ">=0.0.4"

[[package]]
name = "django-shell-plus"
version = "1.1.7"
description = "django-admin.py shell+  <- shell with models auto-imported"
optional = false
python-versions = "*"
groups = ["main"]
files = [
    {file = "django-shell-plus-1.1.7.tar.gz", hash = "sha256:fcad4b3b97ee66d3fb61dc020711d53acf71db637b3e40970e9c7b23949e2b50"},
]

[[package]]
name = "dnspython"
version = "2.7.0"
description = "DNS toolkit"
optional = false
python-versions = ">=3.9"
groups = ["main"]
files = [
    {file = "dnspython-2.7.0-py3-none-any.whl", hash = "sha256:b4c34b7d10b51bcc3a5071e7b8dee77939f1e878477eeecc965e9835f63c6c86"},
    {file = "dnspython-2.7.0.tar.gz", hash = "sha256:ce9c432eda0dc91cf618a5cedf1a4e142651196bbcd2c80e89ed5a907e5cfaf1"},
]

[package.extras]
dev = ["black (>=23.1.0)", "coverage (>=7.0)", "flake8 (>=7)", "hypercorn (>=0.16.0)", "mypy (>=1.8)", "pylint (>=3)", "pytest (>=7.4)", "pytest-cov (>=4.1.0)", "quart-trio (>=0.11.0)", "sphinx (>=7.2.0)", "sphinx-rtd-theme (>=2.0.0)", "twine (>=4.0.0)", "wheel (>=0.42.0)"]
dnssec = ["cryptography (>=43)"]
doh = ["h2 (>=4.1.0)", "httpcore (>=1.0.0)", "httpx (>=0.26.0)"]
doq = ["aioquic (>=1.0.0)"]
idna = ["idna (>=3.7)"]
trio = ["trio (>=0.23)"]
wmi = ["wmi (>=1.5.1)"]

[[package]]
name = "dotenv"
version = "0.9.9"
description = "Deprecated package"
optional = false
python-versions = "*"
groups = ["main"]
files = [
    {file = "dotenv-0.9.9-py2.py3-none-any.whl", hash = "sha256:29cf74a087b31dafdb5a446b6d7e11cbce8ed2741540e2339c69fbef92c94ce9"},
]

[package.dependencies]
python-dotenv = "*"

[[package]]
name = "executing"
version = "2.2.0"
description = "Get the currently executing AST node of a frame, and other information"
optional = false
python-versions = ">=3.8"
groups = ["main"]
files = [
    {file = "executing-2.2.0-py2.py3-none-any.whl", hash = "sha256:11387150cad388d62750327a53d3339fad4888b39a6fe233c3afbb54ecffd3aa"},
    {file = "executing-2.2.0.tar.gz", hash = "sha256:5d108c028108fe2551d1a7b2e8b713341e2cb4fc0aa7dcf966fa4327a5226755"},
]

[package.extras]
tests = ["asttokens (>=2.1.0)", "coverage", "coverage-enable-subprocess", "ipython", "littleutils", "pytest", "rich ; python_version >= \"3.11\""]

[[package]]
name = "ipython"
version = "9.3.0"
description = "IPython: Productive Interactive Computing"
optional = false
python-versions = ">=3.11"
groups = ["main"]
files = [
    {file = "ipython-9.3.0-py3-none-any.whl", hash = "sha256:1a0b6dd9221a1f5dddf725b57ac0cb6fddc7b5f470576231ae9162b9b3455a04"},
    {file = "ipython-9.3.0.tar.gz", hash = "sha256:79eb896f9f23f50ad16c3bc205f686f6e030ad246cc309c6279a242b14afe9d8"},
]

[package.dependencies]
colorama = {version = "*", markers = "sys_platform == \"win32\""}
decorator = "*"
ipython-pygments-lexers = "*"
jedi = ">=0.16"
matplotlib-inline = "*"
pexpect = {version = ">4.3", markers = "sys_platform != \"win32\" and sys_platform != \"emscripten\""}
prompt_toolkit = ">=3.0.41,<3.1.0"
pygments = ">=2.4.0"
stack_data = "*"
traitlets = ">=5.13.0"

[package.extras]
all = ["ipython[doc,matplotlib,test,test-extra]"]
black = ["black"]
doc = ["docrepr", "exceptiongroup", "intersphinx_registry", "ipykernel", "ipython[test]", "matplotlib", "setuptools (>=18.5)", "sphinx (>=1.3)", "sphinx-rtd-theme", "sphinx_toml (==0.0.4)", "typing_extensions"]
matplotlib = ["matplotlib"]
test = ["packaging", "pytest", "pytest-asyncio (<0.22)", "testpath"]
test-extra = ["curio", "ipykernel", "ipython[test]", "jupyter_ai", "matplotlib (!=3.2.0)", "nbclient", "nbformat", "numpy (>=1.23)", "pandas", "trio"]

[[package]]
name = "ipython-pygments-lexers"
version = "1.1.1"
description = "Defines a variety of Pygments lexers for highlighting IPython code."
optional = false
python-versions = ">=3.8"
groups = ["main"]
files = [
    {file = "ipython_pygments_lexers-1.1.1-py3-none-any.whl", hash = "sha256:a9462224a505ade19a605f71f8fa63c2048833ce50abc86768a0d81d876dc81c"},
    {file = "ipython_pygments_lexers-1.1.1.tar.gz", hash = "sha256:09c0138009e56b6854f9535736f4171d855c8c08a563a0dcd8022f78355c7e81"},
]

[package.dependencies]
pygments = "*"

[[package]]
name = "jedi"
version = "0.19.2"
description = "An autocompletion tool for Python that can be used for text editors."
optional = false
python-versions = ">=3.6"
groups = ["main"]
files = [
    {file = "jedi-0.19.2-py2.py3-none-any.whl", hash = "sha256:a8ef22bde8490f57fe5c7681a3c83cb58874daf72b4784de3cce5b6ef6edb5b9"},
    {file = "jedi-0.19.2.tar.gz", hash = "sha256:4770dc3de41bde3966b02eb84fbcf557fb33cce26ad23da12c742fb50ecb11f0"},
]

[package.dependencies]
parso = ">=0.8.4,<0.9.0"

[package.extras]
docs = ["Jinja2 (==2.11.3)", "MarkupSafe (==1.1.1)", "Pygments (==2.8.1)", "alabaster (==0.7.12)", "babel (==2.9.1)", "chardet (==4.0.0)", "commonmark (==0.8.1)", "docutils (==0.17.1)", "future (==0.18.2)", "idna (==2.10)", "imagesize (==1.2.0)", "mock (==1.0.1)", "packaging (==20.9)", "pyparsing (==2.4.7)", "pytz (==2021.1)", "readthedocs-sphinx-ext (==2.1.4)", "recommonmark (==0.5.0)", "requests (==2.25.1)", "six (==1.15.0)", "snowballstemmer (==2.1.0)", "sphinx (==1.8.5)", "sphinx-rtd-theme (==0.4.3)", "sphinxcontrib-serializinghtml (==1.1.4)", "sphinxcontrib-websupport (==1.2.4)", "urllib3 (==1.26.4)"]
qa = ["flake8 (==5.0.4)", "mypy (==0.971)", "types-setuptools (==67.2.0.1)"]
testing = ["Django", "attrs", "colorama", "docopt", "pytest (<9.0.0)"]

[[package]]
name = "matplotlib-inline"
version = "0.1.7"
description = "Inline Matplotlib backend for Jupyter"
optional = false
python-versions = ">=3.8"
groups = ["main"]
files = [
    {file = "matplotlib_inline-0.1.7-py3-none-any.whl", hash = "sha256:df192d39a4ff8f21b1895d72e6a13f5fcc5099f00fa84384e0ea28c2cc0653ca"},
    {file = "matplotlib_inline-0.1.7.tar.gz", hash = "sha256:8423b23ec666be3d16e16b60bdd8ac4e86e840ebd1dd11a30b9f117f2fa0ab90"},
]

[package.dependencies]
traitlets = "*"

[[package]]
name = "parso"
version = "0.8.4"
description = "A Python Parser"
optional = false
python-versions = ">=3.6"
groups = ["main"]
files = [
    {file = "parso-0.8.4-py2.py3-none-any.whl", hash = "sha256:a418670a20291dacd2dddc80c377c5c3791378ee1e8d12bffc35420643d43f18"},
    {file = "parso-0.8.4.tar.gz", hash = "sha256:eb3a7b58240fb99099a345571deecc0f9540ea5f4dd2fe14c2a99d6b281ab92d"},
]

[package.extras]
qa = ["flake8 (==5.0.4)", "mypy (==0.971)", "types-setuptools (==67.2.0.1)"]
testing = ["docopt", "pytest"]

[[package]]
name = "pexpect"
version = "4.9.0"
description = "Pexpect allows easy control of interactive console applications."
optional = false
python-versions = "*"
groups = ["main"]
markers = "sys_platform != \"win32\" and sys_platform != \"emscripten\""
files = [
    {file = "pexpect-4.9.0-py2.py3-none-any.whl", hash = "sha256:7236d1e080e4936be2dc3e326cec0af72acf9212a7e1d060210e70a47e253523"},
    {file = "pexpect-4.9.0.tar.gz", hash = "sha256:ee7d41123f3c9911050ea2c2dac107568dc43b2d3b0c7557a33212c398ead30f"},
]

[package.dependencies]
ptyprocess = ">=0.5"

[[package]]
name = "prompt-toolkit"
version = "3.0.51"
description = "Library for building powerful interactive command lines in Python"
optional = false
python-versions = ">=3.8"
groups = ["main"]
files = [
    {file = "prompt_toolkit-3.0.51-py3-none-any.whl", hash = "sha256:52742911fde84e2d423e2f9a4cf1de7d7ac4e51958f648d9540e0fb8db077b07"},
    {file = "prompt_toolkit-3.0.51.tar.gz", hash = "sha256:931a162e3b27fc90c86f1b48bb1fb2c528c2761475e57c9c06de13311c7b54ed"},
]

[package.dependencies]
wcwidth = "*"

[[package]]
name = "ptyprocess"
version = "0.7.0"
description = "Run a subprocess in a pseudo terminal"
optional = false
python-versions = "*"
groups = ["main"]
markers = "sys_platform != \"win32\" and sys_platform != \"emscripten\""
files = [
    {file = "ptyprocess-0.7.0-py2.py3-none-any.whl", hash = "sha256:4b41f3967fce3af57cc7e94b888626c18bf37a083e3651ca8feeb66d492fef35"},
    {file = "ptyprocess-0.7.0.tar.gz", hash = "sha256:5c5d0a3b48ceee0b48485e0c26037c0acd7d29765ca3fbb5cb3831d347423220"},
]

[[package]]
name = "pure-eval"
version = "0.2.3"
description = "Safely evaluate AST nodes without side effects"
optional = false
python-versions = "*"
groups = ["main"]
files = [
    {file = "pure_eval-0.2.3-py3-none-any.whl", hash = "sha256:1db8e35b67b3d218d818ae653e27f06c3aa420901fa7b081ca98cbedc874e0d0"},
    {file = "pure_eval-0.2.3.tar.gz", hash = "sha256:5f4e983f40564c576c7c8635ae88db5956bb2229d7e9237d03b3c0b0190eaf42"},
]

[package.extras]
tests = ["pytest"]

[[package]]
name = "pygments"
version = "2.19.1"
description = "Pygments is a syntax highlighting package written in Python."
optional = false
python-versions = ">=3.8"
groups = ["main"]
files = [
    {file = "pygments-2.19.1-py3-none-any.whl", hash = "sha256:9ea1544ad55cecf4b8242fab6dd35a93bbce657034b0611ee383099054ab6d8c"},
    {file = "pygments-2.19.1.tar.gz", hash = "sha256:61c16d2a8576dc0649d9f39e089b5f02bcd27fba10d8fb4dcc28173f7a45151f"},
]

[package.extras]
windows-terminal = ["colorama (>=0.4.6)"]

[[package]]
name = "pymongo"
version = "4.13.2"
description = "PyMongo - the Official MongoDB Python driver"
optional = false
python-versions = ">=3.9"
groups = ["main"]
files = [
    {file = "pymongo-4.13.2-cp310-cp310-macosx_10_9_x86_64.whl", hash = "sha256:01065eb1838e3621a30045ab14d1a60ee62e01f65b7cf154e69c5c722ef14d2f"},
    {file = "pymongo-4.13.2-cp310-cp310-macosx_11_0_arm64.whl", hash = "sha256:9ab0325d436075f5f1901cde95afae811141d162bc42d9a5befb647fda585ae6"},
    {file = "pymongo-4.13.2-cp310-cp310-manylinux_2_17_aarch64.manylinux2014_aarch64.whl", hash = "sha256:cdd8041902963c84dc4e27034fa045ac55fabcb2a4ba5b68b880678557573e70"},
    {file = "pymongo-4.13.2-cp310-cp310-manylinux_2_17_ppc64le.manylinux2014_ppc64le.whl", hash = "sha256:b00ab04630aa4af97294e9abdbe0506242396269619c26f5761fd7b2524ef501"},
    {file = "pymongo-4.13.2-cp310-cp310-manylinux_2_17_s390x.manylinux2014_s390x.whl", hash = "sha256:16440d0da30ba804c6c01ea730405fdbbb476eae760588ea09e6e7d28afc06de"},
    {file = "pymongo-4.13.2-cp310-cp310-manylinux_2_17_x86_64.manylinux2014_x86_64.whl", hash = "sha256:ad9a2d1357aed5d6750deb315f62cb6f5b3c4c03ffb650da559cb09cb29e6fe8"},
    {file = "pymongo-4.13.2-cp310-cp310-manylinux_2_5_i686.manylinux1_i686.manylinux_2_17_i686.manylinux2014_i686.whl", hash = "sha256:c793223aef21a8c415c840af1ca36c55a05d6fa3297378da35de3fb6661c0174"},
    {file = "pymongo-4.13.2-cp310-cp310-win32.whl", hash = "sha256:8ef6ae029a3390565a0510c872624514dde350007275ecd8126b09175aa02cca"},
    {file = "pymongo-4.13.2-cp310-cp310-win_amd64.whl", hash = "sha256:66f168f8c5b1e2e3d518507cf9f200f0c86ac79e2b2be9e7b6c8fd1e2f7d7824"},
    {file = "pymongo-4.13.2-cp311-cp311-macosx_10_9_x86_64.whl", hash = "sha256:7af8c56d0a7fcaf966d5292e951f308fb1f8bac080257349e14742725fd7990d"},
    {file = "pymongo-4.13.2-cp311-cp311-macosx_11_0_arm64.whl", hash = "sha256:ad24f5864706f052b05069a6bc59ff875026e28709548131448fe1e40fc5d80f"},
    {file = "pymongo-4.13.2-cp311-cp311-manylinux_2_17_aarch64.manylinux2014_aarch64.whl", hash = "sha256:a10069454195d1d2dda98d681b1dbac9a425f4b0fe744aed5230c734021c1cb9"},
    {file = "pymongo-4.13.2-cp311-cp311-manylinux_2_17_ppc64le.manylinux2014_ppc64le.whl", hash = "sha256:3e20862b81e3863bcd72334e3577a3107604553b614a8d25ee1bb2caaea4eb90"},
    {file = "pymongo-4.13.2-cp311-cp311-manylinux_2_17_s390x.manylinux2014_s390x.whl", hash = "sha256:6b4d5794ca408317c985d7acfb346a60f96f85a7c221d512ff0ecb3cce9d6110"},
    {file = "pymongo-4.13.2-cp311-cp311-manylinux_2_17_x86_64.manylinux2014_x86_64.whl", hash = "sha256:9c8e0420fb4901006ae7893e76108c2a36a343b4f8922466d51c45e9e2ceb717"},
    {file = "pymongo-4.13.2-cp311-cp311-manylinux_2_5_i686.manylinux1_i686.manylinux_2_17_i686.manylinux2014_i686.whl", hash = "sha256:239b5f83b83008471d54095e145d4c010f534af99e87cc8877fc6827736451a0"},
    {file = "pymongo-4.13.2-cp311-cp311-win32.whl", hash = "sha256:6bceb524110c32319eb7119422e400dbcafc5b21bcc430d2049a894f69b604e5"},
    {file = "pymongo-4.13.2-cp311-cp311-win_amd64.whl", hash = "sha256:ab87484c97ae837b0a7bbdaa978fa932fbb6acada3f42c3b2bee99121a594715"},
    {file = "pymongo-4.13.2-cp312-cp312-macosx_10_13_x86_64.whl", hash = "sha256:ec89516622dfc8b0fdff499612c0bd235aa45eeb176c9e311bcc0af44bf952b6"},
    {file = "pymongo-4.13.2-cp312-cp312-macosx_11_0_arm64.whl", hash = "sha256:f30eab4d4326df54fee54f31f93e532dc2918962f733ee8e115b33e6fe151d92"},
    {file = "pymongo-4.13.2-cp312-cp312-manylinux_2_17_aarch64.manylinux2014_aarch64.whl", hash = "sha256:0cce9428d12ba396ea245fc4c51f20228cead01119fcc959e1c80791ea45f820"},
    {file = "pymongo-4.13.2-cp312-cp312-manylinux_2_17_ppc64le.manylinux2014_ppc64le.whl", hash = "sha256:ac9241b727a69c39117c12ac1e52d817ea472260dadc66262c3fdca0bab0709b"},
    {file = "pymongo-4.13.2-cp312-cp312-manylinux_2_17_s390x.manylinux2014_s390x.whl", hash = "sha256:3efc4c515b371a9fa1d198b6e03340985bfe1a55ae2d2b599a714934e7bc61ab"},
    {file = "pymongo-4.13.2-cp312-cp312-manylinux_2_17_x86_64.manylinux2014_x86_64.whl", hash = "sha256:f57a664aa74610eb7a52fa93f2cf794a1491f4f76098343485dd7da5b3bcff06"},
    {file = "pymongo-4.13.2-cp312-cp312-manylinux_2_5_i686.manylinux1_i686.manylinux_2_17_i686.manylinux2014_i686.whl", hash = "sha256:3dcb0b8cdd499636017a53f63ef64cf9b6bd3fd9355796c5a1d228e4be4a4c94"},
    {file = "pymongo-4.13.2-cp312-cp312-win32.whl", hash = "sha256:bf43ae07804d7762b509f68e5ec73450bb8824e960b03b861143ce588b41f467"},
    {file = "pymongo-4.13.2-cp312-cp312-win_amd64.whl", hash = "sha256:812a473d584bcb02ab819d379cd5e752995026a2bb0d7713e78462b6650d3f3a"},
    {file = "pymongo-4.13.2-cp313-cp313-macosx_10_13_x86_64.whl", hash = "sha256:d6044ca0eb74d97f7d3415264de86a50a401b7b0b136d30705f022f9163c3124"},
    {file = "pymongo-4.13.2-cp313-cp313-macosx_11_0_arm64.whl", hash = "sha256:dd326bcb92d28d28a3e7ef0121602bad78691b6d4d1f44b018a4616122f1ba8b"},
    {file = "pymongo-4.13.2-cp313-cp313-manylinux_2_17_aarch64.manylinux2014_aarch64.whl", hash = "sha256:dfb0c21bdd58e58625c9cd8de13e859630c29c9537944ec0a14574fdf88c2ac4"},
    {file = "pymongo-4.13.2-cp313-cp313-manylinux_2_17_ppc64le.manylinux2014_ppc64le.whl", hash = "sha256:c9c7d345d57f17b1361008aea78a37e8c139631a46aeb185dd2749850883c7ba"},
    {file = "pymongo-4.13.2-cp313-cp313-manylinux_2_17_s390x.manylinux2014_s390x.whl", hash = "sha256:8860445a8da1b1545406fab189dc20319aff5ce28e65442b2b4a8f4228a88478"},
    {file = "pymongo-4.13.2-cp313-cp313-manylinux_2_17_x86_64.manylinux2014_x86_64.whl", hash = "sha256:01c184b612f67d5a4c8f864ae7c40b6cc33c0e9bb05e39d08666f8831d120504"},
    {file = "pymongo-4.13.2-cp313-cp313-manylinux_2_5_i686.manylinux1_i686.manylinux_2_17_i686.manylinux2014_i686.whl", hash = "sha256:ae2ea8c62d5f3c6529407c12471385d9a05f9fb890ce68d64976340c85cd661b"},
    {file = "pymongo-4.13.2-cp313-cp313-win32.whl", hash = "sha256:d13556e91c4a8cb07393b8c8be81e66a11ebc8335a40fa4af02f4d8d3b40c8a1"},
    {file = "pymongo-4.13.2-cp313-cp313-win_amd64.whl", hash = "sha256:cfc69d7bc4d4d5872fd1e6de25e6a16e2372c7d5556b75c3b8e2204dce73e3fb"},
    {file = "pymongo-4.13.2-cp313-cp313t-macosx_10_13_x86_64.whl", hash = "sha256:a457d2ac34c05e9e8a6bb724115b093300bf270f0655fb897df8d8604b2e3700"},
    {file = "pymongo-4.13.2-cp313-cp313t-macosx_11_0_arm64.whl", hash = "sha256:02f131a6e61559613b1171b53fbe21fed64e71b0cb4858c47fc9bc7c8e0e501c"},
    {file = "pymongo-4.13.2-cp313-cp313t-manylinux_2_17_aarch64.manylinux2014_aarch64.whl", hash = "sha256:8c942d1c6334e894271489080404b1a2e3b8bd5de399f2a0c14a77d966be5bc9"},
    {file = "pymongo-4.13.2-cp313-cp313t-manylinux_2_17_ppc64le.manylinux2014_ppc64le.whl", hash = "sha256:850168d115680ab66a0931a6aa9dd98ed6aa5e9c3b9a6c12128049b9a5721bc5"},
    {file = "pymongo-4.13.2-cp313-cp313t-manylinux_2_17_s390x.manylinux2014_s390x.whl", hash = "sha256:af7dfff90647ee77c53410f7fe8ca4fe343f8b768f40d2d0f71a5602f7b5a541"},
    {file = "pymongo-4.13.2-cp313-cp313t-manylinux_2_17_x86_64.manylinux2014_x86_64.whl", hash = "sha256:f8057f9bc9c94a8fd54ee4f5e5106e445a8f406aff2df74746f21c8791ee2403"},
    {file = "pymongo-4.13.2-cp313-cp313t-manylinux_2_5_i686.manylinux1_i686.manylinux_2_17_i686.manylinux2014_i686.whl", hash = "sha256:51040e1ba78d6671f8c65b29e2864483451e789ce93b1536de9cc4456ede87fa"},
    {file = "pymongo-4.13.2-cp313-cp313t-win32.whl", hash = "sha256:7ab86b98a18c8689514a9f8d0ec7d9ad23a949369b31c9a06ce4a45dcbffcc5e"},
    {file = "pymongo-4.13.2-cp313-cp313t-win_amd64.whl", hash = "sha256:c38168263ed94a250fc5cf9c6d33adea8ab11c9178994da1c3481c2a49d235f8"},
    {file = "pymongo-4.13.2-cp39-cp39-macosx_10_9_x86_64.whl", hash = "sha256:54a89739a86da31adcef41f6c3ae62b38a8bad156bba71fe5898871746c5af83"},
    {file = "pymongo-4.13.2-cp39-cp39-macosx_11_0_arm64.whl", hash = "sha256:de529aebd1ddae2de778d926b3e8e2e42a9b37b5c668396aad8f28af75e606f9"},
    {file = "pymongo-4.13.2-cp39-cp39-manylinux_2_17_aarch64.manylinux2014_aarch64.whl", hash = "sha256:34cc7d4cd7586c1c4f7af2b97447404046c2d8e7ed4c7214ed0e21dbeb17d57d"},
    {file = "pymongo-4.13.2-cp39-cp39-manylinux_2_17_ppc64le.manylinux2014_ppc64le.whl", hash = "sha256:884cb88a9d4c4c9810056b9c71817bd9714bbe58c461f32b65be60c56759823b"},
    {file = "pymongo-4.13.2-cp39-cp39-manylinux_2_17_s390x.manylinux2014_s390x.whl", hash = "sha256:389cb6415ec341c73f81fbf54970ccd0cd5d3fa7c238dcdb072db051d24e2cb4"},
    {file = "pymongo-4.13.2-cp39-cp39-manylinux_2_17_x86_64.manylinux2014_x86_64.whl", hash = "sha256:49f9968ea7e6a86d4c9bd31d2095f0419efc498ea5e6067e75ade1f9e64aea3d"},
    {file = "pymongo-4.13.2-cp39-cp39-manylinux_2_5_i686.manylinux1_i686.manylinux_2_17_i686.manylinux2014_i686.whl", hash = "sha256:ae07315bb106719c678477e61077cd28505bb7d3fd0a2341e75a9510118cb785"},
    {file = "pymongo-4.13.2-cp39-cp39-manylinux_2_5_i686.manylinux1_i686.whl", hash = "sha256:4dc60b3f5e1448fd011c729ad5d8735f603b0a08a8773ec8e34a876ccc7de45f"},
    {file = "pymongo-4.13.2-cp39-cp39-manylinux_2_5_x86_64.manylinux1_x86_64.whl", hash = "sha256:75462d6ce34fb2dd98f8ac3732a7a1a1fbb2e293c4f6e615766731d044ad730e"},
    {file = "pymongo-4.13.2-cp39-cp39-win32.whl", hash = "sha256:b7e04c45f6a7d5a13fe064f42130d29b0730cb83dd387a623563ff3b9bd2f4d1"},
    {file = "pymongo-4.13.2-cp39-cp39-win_amd64.whl", hash = "sha256:0603145c9be5e195ae61ba7a93eb283abafdbd87f6f30e6c2dfc242940fe280c"},
    {file = "pymongo-4.13.2.tar.gz", hash = "sha256:0f64c6469c2362962e6ce97258ae1391abba1566a953a492562d2924b44815c2"},
]

[package.dependencies]
dnspython = ">=1.16.0,<3.0.0"

[package.extras]
aws = ["pymongo-auth-aws (>=1.1.0,<2.0.0)"]
docs = ["furo (==2024.8.6)", "readthedocs-sphinx-search (>=0.3,<1.0)", "sphinx (>=5.3,<9)", "sphinx-autobuild (>=2020.9.1)", "sphinx-rtd-theme (>=2,<4)", "sphinxcontrib-shellcheck (>=1,<2)"]
encryption = ["certifi ; os_name == \"nt\" or sys_platform == \"darwin\"", "pymongo-auth-aws (>=1.1.0,<2.0.0)", "pymongocrypt (>=1.13.0,<2.0.0)"]
gssapi = ["pykerberos ; os_name != \"nt\"", "winkerberos (>=0.5.0) ; os_name == \"nt\""]
ocsp = ["certifi ; os_name == \"nt\" or sys_platform == \"darwin\"", "cryptography (>=2.5)", "pyopenssl (>=17.2.0)", "requests (<3.0.0)", "service-identity (>=18.1.0)"]
snappy = ["python-snappy"]
test = ["pytest (>=8.2)", "pytest-asyncio (>=0.24.0)"]
zstd = ["zstandard"]

[[package]]
name = "python-dotenv"
version = "1.1.0"
description = "Read key-value pairs from a .env file and set them as environment variables"
optional = false
python-versions = ">=3.9"
groups = ["main"]
files = [
    {file = "python_dotenv-1.1.0-py3-none-any.whl", hash = "sha256:d7c01d9e2293916c18baf562d95698754b0dbbb5e74d457c45d4f6561fb9d55d"},
    {file = "python_dotenv-1.1.0.tar.gz", hash = "sha256:41f90bc6f5f177fb41f53e87666db362025010eb28f60a01c9143bfa33a2b2d5"},
]

[package.extras]
cli = ["click (>=5.0)"]

[[package]]
name = "ruff"
version = "0.12.0"
description = "An extremely fast Python linter and code formatter, written in Rust."
optional = false
python-versions = ">=3.7"
groups = ["main"]
files = [
    {file = "ruff-0.12.0-py3-none-linux_armv6l.whl", hash = "sha256:5652a9ecdb308a1754d96a68827755f28d5dfb416b06f60fd9e13f26191a8848"},
    {file = "ruff-0.12.0-py3-none-macosx_10_12_x86_64.whl", hash = "sha256:05ed0c914fabc602fc1f3b42c53aa219e5736cb030cdd85640c32dbc73da74a6"},
    {file = "ruff-0.12.0-py3-none-macosx_11_0_arm64.whl", hash = "sha256:07a7aa9b69ac3fcfda3c507916d5d1bca10821fe3797d46bad10f2c6de1edda0"},
    {file = "ruff-0.12.0-py3-none-manylinux_2_17_aarch64.manylinux2014_aarch64.whl", hash = "sha256:e7731c3eec50af71597243bace7ec6104616ca56dda2b99c89935fe926bdcd48"},
    {file = "ruff-0.12.0-py3-none-manylinux_2_17_armv7l.manylinux2014_armv7l.whl", hash = "sha256:952d0630eae628250ab1c70a7fffb641b03e6b4a2d3f3ec6c1d19b4ab6c6c807"},
    {file = "ruff-0.12.0-py3-none-manylinux_2_17_i686.manylinux2014_i686.whl", hash = "sha256:c021f04ea06966b02614d442e94071781c424ab8e02ec7af2f037b4c1e01cc82"},
    {file = "ruff-0.12.0-py3-none-manylinux_2_17_ppc64.manylinux2014_ppc64.whl", hash = "sha256:7d235618283718ee2fe14db07f954f9b2423700919dc688eacf3f8797a11315c"},
    {file = "ruff-0.12.0-py3-none-manylinux_2_17_ppc64le.manylinux2014_ppc64le.whl", hash = "sha256:0c0758038f81beec8cc52ca22de9685b8ae7f7cc18c013ec2050012862cc9165"},
    {file = "ruff-0.12.0-py3-none-manylinux_2_17_s390x.manylinux2014_s390x.whl", hash = "sha256:139b3d28027987b78fc8d6cfb61165447bdf3740e650b7c480744873688808c2"},
    {file = "ruff-0.12.0-py3-none-manylinux_2_17_x86_64.manylinux2014_x86_64.whl", hash = "sha256:68853e8517b17bba004152aebd9dd77d5213e503a5f2789395b25f26acac0da4"},
    {file = "ruff-0.12.0-py3-none-musllinux_1_2_aarch64.whl", hash = "sha256:3a9512af224b9ac4757f7010843771da6b2b0935a9e5e76bb407caa901a1a514"},
    {file = "ruff-0.12.0-py3-none-musllinux_1_2_armv7l.whl", hash = "sha256:b08df3d96db798e5beb488d4df03011874aff919a97dcc2dd8539bb2be5d6a88"},
    {file = "ruff-0.12.0-py3-none-musllinux_1_2_i686.whl", hash = "sha256:6a315992297a7435a66259073681bb0d8647a826b7a6de45c6934b2ca3a9ed51"},
    {file = "ruff-0.12.0-py3-none-musllinux_1_2_x86_64.whl", hash = "sha256:1e55e44e770e061f55a7dbc6e9aed47feea07731d809a3710feda2262d2d4d8a"},
    {file = "ruff-0.12.0-py3-none-win32.whl", hash = "sha256:7162a4c816f8d1555eb195c46ae0bd819834d2a3f18f98cc63819a7b46f474fb"},
    {file = "ruff-0.12.0-py3-none-win_amd64.whl", hash = "sha256:d00b7a157b8fb6d3827b49d3324da34a1e3f93492c1f97b08e222ad7e9b291e0"},
    {file = "ruff-0.12.0-py3-none-win_arm64.whl", hash = "sha256:8cd24580405ad8c1cc64d61725bca091d6b6da7eb3d36f72cc605467069d7e8b"},
    {file = "ruff-0.12.0.tar.gz", hash = "sha256:4d047db3662418d4a848a3fdbfaf17488b34b62f527ed6f10cb8afd78135bc5c"},
]

[[package]]
name = "shelve-cache"
version = "0.0.4"
description = "Persistant decorator"
optional = false
python-versions = "*"
groups = ["main"]
files = [
    {file = "shelve_cache-0.0.4-py3-none-any.whl", hash = "sha256:9697abcc128c2a44fab66d6ba1ba0e6a853059a89c4d37d07edb7f89c75b91e8"},
    {file = "shelve_cache-0.0.4.tar.gz", hash = "sha256:f139f1b85d4232a0e8ed53b9b2e42d658e0b7771cfaa960c9e08eadd8da5dce0"},
]

[[package]]
name = "sqlparse"
version = "0.5.3"
description = "A non-validating SQL parser."
optional = false
python-versions = ">=3.8"
groups = ["main"]
files = [
    {file = "sqlparse-0.5.3-py3-none-any.whl", hash = "sha256:cf2196ed3418f3ba5de6af7e82c694a9fbdbfecccdfc72e281548517081f16ca"},
    {file = "sqlparse-0.5.3.tar.gz", hash = "sha256:09f67787f56a0b16ecdbde1bfc7f5d9c3371ca683cfeaa8e6ff60b4807ec9272"},
]

[package.extras]
dev = ["build", "hatch"]
doc = ["sphinx"]

[[package]]
name = "stack-data"
version = "0.6.3"
description = "Extract data from python stack frames and tracebacks for informative displays"
optional = false
python-versions = "*"
groups = ["main"]
files = [
    {file = "stack_data-0.6.3-py3-none-any.whl", hash = "sha256:d5558e0c25a4cb0853cddad3d77da9891a08cb85dd9f9f91b9f8cd66e511e695"},
    {file = "stack_data-0.6.3.tar.gz", hash = "sha256:836a778de4fec4dcd1dcd89ed8abff8a221f58308462e1c4aa2a3cf30148f0b9"},
]

[package.dependencies]
asttokens = ">=2.1.0"
executing = ">=1.2.0"
pure-eval = "*"

[package.extras]
tests = ["cython", "littleutils", "pygments", "pytest", "typeguard"]

[[package]]
name = "traitlets"
version = "5.14.3"
description = "Traitlets Python configuration system"
optional = false
python-versions = ">=3.8"
groups = ["main"]
files = [
    {file = "traitlets-5.14.3-py3-none-any.whl", hash = "sha256:b74e89e397b1ed28cc831db7aea759ba6640cb3de13090ca145426688ff1ac4f"},
    {file = "traitlets-5.14.3.tar.gz", hash = "sha256:9ed0579d3502c94b4b3732ac120375cda96f923114522847de4b3bb98b96b6b7"},
]

[package.extras]
docs = ["myst-parser", "pydata-sphinx-theme", "sphinx"]
test = ["argcomplete (>=3.0.3)", "mypy (>=1.7.0)", "pre-commit", "pytest (>=7.0,<8.2)", "pytest-mock", "pytest-mypy-testing"]

[[package]]
name = "tzdata"
version = "2025.2"
description = "Provider of IANA time zone data"
optional = false
python-versions = ">=2"
groups = ["main"]
markers = "sys_platform == \"win32\""
files = [
    {file = "tzdata-2025.2-py2.py3-none-any.whl", hash = "sha256:1a403fada01ff9221ca8044d701868fa132215d84beb92242d9acd2147f667a8"},
    {file = "tzdata-2025.2.tar.gz", hash = "sha256:b60a638fcc0daffadf82fe0f57e53d06bdec2f36c4df66280ae79bce6bd6f2b9"},
]

[[package]]
name = "wcwidth"
version = "0.2.13"
description = "Measures the displayed width of unicode strings in a terminal"
optional = false
python-versions = "*"
groups = ["main"]
files = [
    {file = "wcwidth-0.2.13-py2.py3-none-any.whl", hash = "sha256:3da69048e4540d84af32131829ff948f1e022c1c6bdb8d6102117aac784f6859"},
    {file = "wcwidth-0.2.13.tar.gz", hash = "sha256:72ea0c06399eb286d978fdedb6923a9eb47e1c486ce63e9b4e64fc18303972b5"},
]

[metadata]
lock-version = "2.1"
python-versions = ">=3.13"
content-hash = "9cf92a24e9dcb16c65bff2a81c966806b7e1fd192be9f2c15856cca1a307abab"
